
Microsoft Visual Studio Solution File, Format Version 12.00
Project("{FAE04EC0-301F-11D3-BF4B-00C04F79EFBC}") = "WealthKernel.Todos.Service", "src\WealthKernel.Todos.Service\WealthKernel.Todos.Service.csproj", "{4BE92D92-81D4-4050-8789-AE7C92E186E6}"
EndProject
Project("{FAE04EC0-301F-11D3-BF4B-00C04F79EFBC}") = "WealthKernel.Todos.Data", "src\WealthKernel.Todos.Data\WealthKernel.Todos.Data.csproj", "{A8AD6A36-C1D7-443C-A06D-F57E3969EF1B}"
EndProject
Global
	GlobalSection(SolutionConfigurationPlatforms) = preSolution
		Debug|Any CPU = Debug|Any CPU
		Release|Any CPU = Release|Any CPU
	EndGlobalSection
	GlobalSection(ProjectConfigurationPlatforms) = postSolution
		{4BE92D92-81D4-4050-8789-AE7C92E186E6}.Debug|Any CPU.ActiveCfg = Debug|Any CPU
		{4BE92D92-81D4-4050-8789-AE7C92E186E6}.Debug|Any CPU.Build.0 = Debug|Any CPU
		{4BE92D92-81D4-4050-8789-AE7C92E186E6}.Release|Any CPU.ActiveCfg = Release|Any CPU
		{4BE92D92-81D4-4050-8789-AE7C92E186E6}.Release|Any CPU.Build.0 = Release|Any CPU
		{A8AD6A36-C1D7-443C-A06D-F57E3969EF1B}.Debug|Any CPU.ActiveCfg = Debug|Any CPU
		{A8AD6A36-C1D7-443C-A06D-F57E3969EF1B}.Debug|Any CPU.Build.0 = Debug|Any CPU
		{A8AD6A36-C1D7-443C-A06D-F57E3969EF1B}.Release|Any CPU.ActiveCfg = Release|Any CPU
		{A8AD6A36-C1D7-443C-A06D-F57E3969EF1B}.Release|Any CPU.Build.0 = Release|Any CPU
	EndGlobalSection
EndGlobal
